
Microsoft Visual Studio Solution File, Format Version 11.00
# Visual Studio 2010
Project("{FAE04EC0-301F-11D3-BF4B-00C04F79EFBC}") = "boiduongLeQuyDon", "boiduongLeQuyDon\boiduongLeQuyDon.csproj", "{BFAE8AC1-06EB-48C3-815C-5B9E0F155D1E}"
EndProject
Global
	GlobalSection(SolutionConfigurationPlatforms) = preSolution
		Debug|Any CPU = Debug|Any CPU
		Release|Any CPU = Release|Any CPU
	EndGlobalSection
	GlobalSection(ProjectConfigurationPlatforms) = postSolution
		{BFAE8AC1-06EB-48C3-815C-5B9E0F155D1E}.Debug|Any CPU.ActiveCfg = Debug|Any CPU
		{BFAE8AC1-06EB-48C3-815C-5B9E0F155D1E}.Debug|Any CPU.Build.0 = Debug|Any CPU
		{BFAE8AC1-06EB-48C3-815C-5B9E0F155D1E}.Release|Any CPU.ActiveCfg = Release|Any CPU
		{BFAE8AC1-06EB-48C3-815C-5B9E0F155D1E}.Release|Any CPU.Build.0 = Release|Any CPU
	EndGlobalSection
	GlobalSection(SolutionProperties) = preSolution
		HideSolutionNode = FALSE
	EndGlobalSection
EndGlobal
